
Microsoft Visual Studio Solution File, Format Version 12.00
# Visual Studio Version 17
VisualStudioVersion = 17.10.35027.167
MinimumVisualStudioVersion = 10.0.40219.1
Project("{FAE04EC0-301F-11D3-BF4B-00C04F79EFBC}") = "FirstPracticeLinq", "FirstPracticeLinq\FirstPracticeLinq.csproj", "{0E0AE5F6-AF44-43D9-9637-D2A767D3B748}"
EndProject
Global
	GlobalSection(SolutionConfigurationPlatforms) = preSolution
		Debug|Any CPU = Debug|Any CPU
		Release|Any CPU = Release|Any CPU
	EndGlobalSection
	GlobalSection(ProjectConfigurationPlatforms) = postSolution
		{0E0AE5F6-AF44-43D9-9637-D2A767D3B748}.Debug|Any CPU.ActiveCfg = Debug|Any CPU
		{0E0AE5F6-AF44-43D9-9637-D2A767D3B748}.Debug|Any CPU.Build.0 = Debug|Any CPU
		{0E0AE5F6-AF44-43D9-9637-D2A767D3B748}.Release|Any CPU.ActiveCfg = Release|Any CPU
		{0E0AE5F6-AF44-43D9-9637-D2A767D3B748}.Release|Any CPU.Build.0 = Release|Any CPU
	EndGlobalSection
	GlobalSection(SolutionProperties) = preSolution
		HideSolutionNode = FALSE
	EndGlobalSection
	GlobalSection(ExtensibilityGlobals) = postSolution
		SolutionGuid = {DAC9C799-6809-4727-8A26-AC461ADDA9E1}
	EndGlobalSection
EndGlobal
